
Microsoft Visual Studio Solution File, Format Version 12.00
# Visual Studio Version 17
VisualStudioVersion = 17.14.36908.2 d17.14
MinimumVisualStudioVersion = 10.0.40219.1
Project("{FAE04EC0-301F-11D3-BF4B-00C04F79EFBC}") = "WorkShop", "WorkShop\WorkShop.csproj", "{2D3D7C29-888F-479A-B499-F80864FAD33B}"
EndProject
Global
	GlobalSection(SolutionConfigurationPlatforms) = preSolution
		Debug|Any CPU = Debug|Any CPU
		Release|Any CPU = Release|Any CPU
	EndGlobalSection
	GlobalSection(ProjectConfigurationPlatforms) = postSolution
		{2D3D7C29-888F-479A-B499-F80864FAD33B}.Debug|Any CPU.ActiveCfg = Debug|Any CPU
		{2D3D7C29-888F-479A-B499-F80864FAD33B}.Debug|Any CPU.Build.0 = Debug|Any CPU
		{2D3D7C29-888F-479A-B499-F80864FAD33B}.Release|Any CPU.ActiveCfg = Release|Any CPU
		{2D3D7C29-888F-479A-B499-F80864FAD33B}.Release|Any CPU.Build.0 = Release|Any CPU
	EndGlobalSection
	GlobalSection(SolutionProperties) = preSolution
		HideSolutionNode = FALSE
	EndGlobalSection
	GlobalSection(ExtensibilityGlobals) = postSolution
		SolutionGuid = {6311E52E-A587-4183-947C-6FD1D4B9F46D}
	EndGlobalSection
EndGlobal
